
Microsoft Visual Studio Solution File, Format Version 12.00
# Visual Studio Version 17
VisualStudioVersion = 17.14.36603.0
MinimumVisualStudioVersion = 10.0.40219.1
Project("{FAE04EC0-301F-11D3-BF4B-00C04F79EFBC}") = "APIGateway", "APIGateway\APIGateway.csproj", "{4A858310-6F3B-4CF9-8246-C5475F33F2C3}"
EndProject
Project("{FAE04EC0-301F-11D3-BF4B-00C04F79EFBC}") = "AuthentificationService.API", "AuthentificationService\AuthentificationService.API.csproj", "{0F4CF156-2FD8-41D2-8467-0230F8098B20}"
EndProject
Project("{FAE04EC0-301F-11D3-BF4B-00C04F79EFBC}") = "GestionFactureService.API", "GestionFactureService\GestionFactureService.API.csproj", "{73E72A87-1EC5-4C91-9322-669DD304DB96}"
EndProject
Project("{2150E333-8FDC-42A3-9474-1A3956D46DE8}") = "AuthentificationService", "AuthentificationService", "{02EA681E-C7D8-13C7-8484-4AC65E1B71E8}"
EndProject
Project("{2150E333-8FDC-42A3-9474-1A3956D46DE8}") = "GestionFactureService", "GestionFactureService", "{06151FE5-13F8-4CA9-9024-F566D3393BFE}"
EndProject
Project("{FAE04EC0-301F-11D3-BF4B-00C04F79EFBC}") = "AuthentificationSerice.Core", "AuthentificationSerice.Core\AuthentificationSerice.Core.csproj", "{6D4AA63A-4BB6-460A-A674-A4DB46C5BC89}"
EndProject
Project("{FAE04EC0-301F-11D3-BF4B-00C04F79EFBC}") = "AuthentificationService.DAL", "ClassLibrary3\AuthentificationService.DAL.csproj", "{1811D2AD-98E3-49F6-9D1A-AD13BD6FE53F}"
EndProject
Project("{FAE04EC0-301F-11D3-BF4B-00C04F79EFBC}") = "AuthentificationService.Service", "ClassLibrary4\AuthentificationService.Service.csproj", "{D6614409-0772-4E78-B0A1-06B590B5B655}"
EndProject
Project("{2150E333-8FDC-42A3-9474-1A3956D46DE8}") = "Éléments de solution", "Éléments de solution", "{9C8CB701-102D-CF49-A3E0-89AC09D42C2C}"
	ProjectSection(SolutionItems) = preProject
		.gitignore = .gitignore
	EndProjectSection
EndProject
Project("{2150E333-8FDC-42A3-9474-1A3956D46DE8}") = "test", "test", "{0C88DD14-F956-CE84-757C-A364CCF449FC}"
EndProject
Project("{FAE04EC0-301F-11D3-BF4B-00C04F79EFBC}") = "AuthenticationService.UnitTests", "test\AuthenticationService.UnitTests\AuthenticationService.UnitTests.csproj", "{F8106D3B-D27A-4D24-840E-4544079F4CB5}"
EndProject
Project("{FAE04EC0-301F-11D3-BF4B-00C04F79EFBC}") = "AuthenticationService.IntegrationTests", "test\AuthenticationService.IntegrationTests\AuthenticationService.IntegrationTests.csproj", "{70EE43BD-3D6B-4E1C-BAD7-6243A1EDC496}"
EndProject
Global
	GlobalSection(SolutionConfigurationPlatforms) = preSolution
		Debug|Any CPU = Debug|Any CPU
		Debug|x64 = Debug|x64
		Debug|x86 = Debug|x86
		Release|Any CPU = Release|Any CPU
		Release|x64 = Release|x64
		Release|x86 = Release|x86
	EndGlobalSection
	GlobalSection(ProjectConfigurationPlatforms) = postSolution
		{4A858310-6F3B-4CF9-8246-C5475F33F2C3}.Debug|Any CPU.ActiveCfg = Debug|Any CPU
		{4A858310-6F3B-4CF9-8246-C5475F33F2C3}.Debug|Any CPU.Build.0 = Debug|Any CPU
		{4A858310-6F3B-4CF9-8246-C5475F33F2C3}.Debug|x64.ActiveCfg = Debug|Any CPU
		{4A858310-6F3B-4CF9-8246-C5475F33F2C3}.Debug|x64.Build.0 = Debug|Any CPU
		{4A858310-6F3B-4CF9-8246-C5475F33F2C3}.Debug|x86.ActiveCfg = Debug|Any CPU
		{4A858310-6F3B-4CF9-8246-C5475F33F2C3}.Debug|x86.Build.0 = Debug|Any CPU
		{4A858310-6F3B-4CF9-8246-C5475F33F2C3}.Release|Any CPU.ActiveCfg = Release|Any CPU
		{4A858310-6F3B-4CF9-8246-C5475F33F2C3}.Release|Any CPU.Build.0 = Release|Any CPU
		{4A858310-6F3B-4CF9-8246-C5475F33F2C3}.Release|x64.ActiveCfg = Release|Any CPU
		{4A858310-6F3B-4CF9-8246-C5475F33F2C3}.Release|x64.Build.0 = Release|Any CPU
		{4A858310-6F3B-4CF9-8246-C5475F33F2C3}.Release|x86.ActiveCfg = Release|Any CPU
		{4A858310-6F3B-4CF9-8246-C5475F33F2C3}.Release|x86.Build.0 = Release|Any CPU
		{0F4CF156-2FD8-41D2-8467-0230F8098B20}.Debug|Any CPU.ActiveCfg = Debug|Any CPU
		{0F4CF156-2FD8-41D2-8467-0230F8098B20}.Debug|Any CPU.Build.0 = Debug|Any CPU
		{0F4CF156-2FD8-41D2-8467-0230F8098B20}.Debug|x64.ActiveCfg = Debug|Any CPU
		{0F4CF156-2FD8-41D2-8467-0230F8098B20}.Debug|x64.Build.0 = Debug|Any CPU
		{0F4CF156-2FD8-41D2-8467-0230F8098B20}.Debug|x86.ActiveCfg = Debug|Any CPU
		{0F4CF156-2FD8-41D2-8467-0230F8098B20}.Debug|x86.Build.0 = Debug|Any CPU
		{0F4CF156-2FD8-41D2-8467-0230F8098B20}.Release|Any CPU.ActiveCfg = Release|Any CPU
		{0F4CF156-2FD8-41D2-8467-0230F8098B20}.Release|Any CPU.Build.0 = Release|Any CPU
		{0F4CF156-2FD8-41D2-8467-0230F8098B20}.Release|x64.ActiveCfg = Release|Any CPU
		{0F4CF156-2FD8-41D2-8467-0230F8098B20}.Release|x64.Build.0 = Release|Any CPU
		{0F4CF156-2FD8-41D2-8467-0230F8098B20}.Release|x86.ActiveCfg = Release|Any CPU
		{0F4CF156-2FD8-41D2-8467-0230F8098B20}.Release|x86.Build.0 = Release|Any CPU
		{73E72A87-1EC5-4C91-9322-669DD304DB96}.Debug|Any CPU.ActiveCfg = Debug|Any CPU
		{73E72A87-1EC5-4C91-9322-669DD304DB96}.Debug|Any CPU.Build.0 = Debug|Any CPU
		{73E72A87-1EC5-4C91-9322-669DD304DB96}.Debug|x64.ActiveCfg = Debug|Any CPU
		{73E72A87-1EC5-4C91-9322-669DD304DB96}.Debug|x64.Build.0 = Debug|Any CPU
		{73E72A87-1EC5-4C91-9322-669DD304DB96}.Debug|x86.ActiveCfg = Debug|Any CPU
		{73E72A87-1EC5-4C91-9322-669DD304DB96}.Debug|x86.Build.0 = Debug|Any CPU
		{73E72A87-1EC5-4C91-9322-669DD304DB96}.Release|Any CPU.ActiveCfg = Release|Any CPU
		{73E72A87-1EC5-4C91-9322-669DD304DB96}.Release|Any CPU.Build.0 = Release|Any CPU
		{73E72A87-1EC5-4C91-9322-669DD304DB96}.Release|x64.ActiveCfg = Release|Any CPU
		{73E72A87-1EC5-4C91-9322-669DD304DB96}.Release|x64.Build.0 = Release|Any CPU
		{73E72A87-1EC5-4C91-9322-669DD304DB96}.Release|x86.ActiveCfg = Release|Any CPU
		{73E72A87-1EC5-4C91-9322-669DD304DB96}.Release|x86.Build.0 = Release|Any CPU
		{6D4AA63A-4BB6-460A-A674-A4DB46C5BC89}.Debug|Any CPU.ActiveCfg = Debug|Any CPU
		{6D4AA63A-4BB6-460A-A674-A4DB46C5BC89}.Debug|Any CPU.Build.0 = Debug|Any CPU
		{6D4AA63A-4BB6-460A-A674-A4DB46C5BC89}.Debug|x64.ActiveCfg = Debug|Any CPU
		{6D4AA63A-4BB6-460A-A674-A4DB46C5BC89}.Debug|x64.Build.0 = Debug|Any CPU
		{6D4AA63A-4BB6-460A-A674-A4DB46C5BC89}.Debug|x86.ActiveCfg = Debug|Any CPU
		{6D4AA63A-4BB6-460A-A674-A4DB46C5BC89}.Debug|x86.Build.0 = Debug|Any CPU
		{6D4AA63A-4BB6-460A-A674-A4DB46C5BC89}.Release|Any CPU.ActiveCfg = Release|Any CPU
		{6D4AA63A-4BB6-460A-A674-A4DB46C5BC89}.Release|Any CPU.Build.0 = Release|Any CPU
		{6D4AA63A-4BB6-460A-A674-A4DB46C5BC89}.Release|x64.ActiveCfg = Release|Any CPU
		{6D4AA63A-4BB6-460A-A674-A4DB46C5BC89}.Release|x64.Build.0 = Release|Any CPU
		{6D4AA63A-4BB6-460A-A674-A4DB46C5BC89}.Release|x86.ActiveCfg = Release|Any CPU
		{6D4AA63A-4BB6-460A-A674-A4DB46C5BC89}.Release|x86.Build.0 = Release|Any CPU
		{1811D2AD-98E3-49F6-9D1A-AD13BD6FE53F}.Debug|Any CPU.ActiveCfg = Debug|Any CPU
		{1811D2AD-98E3-49F6-9D1A-AD13BD6FE53F}.Debug|Any CPU.Build.0 = Debug|Any CPU
		{1811D2AD-98E3-49F6-9D1A-AD13BD6FE53F}.Debug|x64.ActiveCfg = Debug|Any CPU
		{1811D2AD-98E3-49F6-9D1A-AD13BD6FE53F}.Debug|x64.Build.0 = Debug|Any CPU
		{1811D2AD-98E3-49F6-9D1A-AD13BD6FE53F}.Debug|x86.ActiveCfg = Debug|Any CPU
		{1811D2AD-98E3-49F6-9D1A-AD13BD6FE53F}.Debug|x86.Build.0 = Debug|Any CPU
		{1811D2AD-98E3-49F6-9D1A-AD13BD6FE53F}.Release|Any CPU.ActiveCfg = Release|Any CPU
		{1811D2AD-98E3-49F6-9D1A-AD13BD6FE53F}.Release|Any CPU.Build.0 = Release|Any CPU
		{1811D2AD-98E3-49F6-9D1A-AD13BD6FE53F}.Release|x64.ActiveCfg = Release|Any CPU
		{1811D2AD-98E3-49F6-9D1A-AD13BD6FE53F}.Release|x64.Build.0 = Release|Any CPU
		{1811D2AD-98E3-49F6-9D1A-AD13BD6FE53F}.Release|x86.ActiveCfg = Release|Any CPU
		{1811D2AD-98E3-49F6-9D1A-AD13BD6FE53F}.Release|x86.Build.0 = Release|Any CPU
		{D6614409-0772-4E78-B0A1-06B590B5B655}.Debug|Any CPU.ActiveCfg = Debug|Any CPU
		{D6614409-0772-4E78-B0A1-06B590B5B655}.Debug|Any CPU.Build.0 = Debug|Any CPU
		{D6614409-0772-4E78-B0A1-06B590B5B655}.Debug|x64.ActiveCfg = Debug|Any CPU
		{D6614409-0772-4E78-B0A1-06B590B5B655}.Debug|x64.Build.0 = Debug|Any CPU
		{D6614409-0772-4E78-B0A1-06B590B5B655}.Debug|x86.ActiveCfg = Debug|Any CPU
		{D6614409-0772-4E78-B0A1-06B590B5B655}.Debug|x86.Build.0 = Debug|Any CPU
		{D6614409-0772-4E78-B0A1-06B590B5B655}.Release|Any CPU.ActiveCfg = Release|Any CPU
		{D6614409-0772-4E78-B0A1-06B590B5B655}.Release|Any CPU.Build.0 = Release|Any CPU
		{D6614409-0772-4E78-B0A1-06B590B5B655}.Release|x64.ActiveCfg = Release|Any CPU
		{D6614409-0772-4E78-B0A1-06B590B5B655}.Release|x64.Build.0 = Release|Any CPU
		{D6614409-0772-4E78-B0A1-06B590B5B655}.Release|x86.ActiveCfg = Release|Any CPU
		{D6614409-0772-4E78-B0A1-06B590B5B655}.Release|x86.Build.0 = Release|Any CPU
		{F8106D3B-D27A-4D24-840E-4544079F4CB5}.Debug|Any CPU.ActiveCfg = Debug|Any CPU
		{F8106D3B-D27A-4D24-840E-4544079F4CB5}.Debug|Any CPU.Build.0 = Debug|Any CPU
		{F8106D3B-D27A-4D24-840E-4544079F4CB5}.Debug|x64.ActiveCfg = Debug|Any CPU
		{F8106D3B-D27A-4D24-840E-4544079F4CB5}.Debug|x64.Build.0 = Debug|Any CPU
		{F8106D3B-D27A-4D24-840E-4544079F4CB5}.Debug|x86.ActiveCfg = Debug|Any CPU
		{F8106D3B-D27A-4D24-840E-4544079F4CB5}.Debug|x86.Build.0 = Debug|Any CPU
		{F8106D3B-D27A-4D24-840E-4544079F4CB5}.Release|Any CPU.ActiveCfg = Release|Any CPU
		{F8106D3B-D27A-4D24-840E-4544079F4CB5}.Release|Any CPU.Build.0 = Release|Any CPU
		{F8106D3B-D27A-4D24-840E-4544079F4CB5}.Release|x64.ActiveCfg = Release|Any CPU
		{F8106D3B-D27A-4D24-840E-4544079F4CB5}.Release|x64.Build.0 = Release|Any CPU
		{F8106D3B-D27A-4D24-840E-4544079F4CB5}.Release|x86.ActiveCfg = Release|Any CPU
		{F8106D3B-D27A-4D24-840E-4544079F4CB5}.Release|x86.Build.0 = Release|Any CPU
		{70EE43BD-3D6B-4E1C-BAD7-6243A1EDC496}.Debug|Any CPU.ActiveCfg = Debug|Any CPU
		{70EE43BD-3D6B-4E1C-BAD7-6243A1EDC496}.Debug|Any CPU.Build.0 = Debug|Any CPU
		{70EE43BD-3D6B-4E1C-BAD7-6243A1EDC496}.Debug|x64.ActiveCfg = Debug|Any CPU
		{70EE43BD-3D6B-4E1C-BAD7-6243A1EDC496}.Debug|x64.Build.0 = Debug|Any CPU
		{70EE43BD-3D6B-4E1C-BAD7-6243A1EDC496}.Debug|x86.ActiveCfg = Debug|Any CPU
		{70EE43BD-3D6B-4E1C-BAD7-6243A1EDC496}.Debug|x86.Build.0 = Debug|Any CPU
		{70EE43BD-3D6B-4E1C-BAD7-6243A1EDC496}.Release|Any CPU.ActiveCfg = Release|Any CPU
		{70EE43BD-3D6B-4E1C-BAD7-6243A1EDC496}.Release|Any CPU.Build.0 = Release|Any CPU
		{70EE43BD-3D6B-4E1C-BAD7-6243A1EDC496}.Release|x64.ActiveCfg = Release|Any CPU
		{70EE43BD-3D6B-4E1C-BAD7-6243A1EDC496}.Release|x64.Build.0 = Release|Any CPU
		{70EE43BD-3D6B-4E1C-BAD7-6243A1EDC496}.Release|x86.ActiveCfg = Release|Any CPU
		{70EE43BD-3D6B-4E1C-BAD7-6243A1EDC496}.Release|x86.Build.0 = Release|Any CPU
	EndGlobalSection
	GlobalSection(SolutionProperties) = preSolution
		HideSolutionNode = FALSE
	EndGlobalSection
	GlobalSection(NestedProjects) = preSolution
		{0F4CF156-2FD8-41D2-8467-0230F8098B20} = {02EA681E-C7D8-13C7-8484-4AC65E1B71E8}
		{73E72A87-1EC5-4C91-9322-669DD304DB96} = {06151FE5-13F8-4CA9-9024-F566D3393BFE}
		{6D4AA63A-4BB6-460A-A674-A4DB46C5BC89} = {02EA681E-C7D8-13C7-8484-4AC65E1B71E8}
		{1811D2AD-98E3-49F6-9D1A-AD13BD6FE53F} = {02EA681E-C7D8-13C7-8484-4AC65E1B71E8}
		{D6614409-0772-4E78-B0A1-06B590B5B655} = {02EA681E-C7D8-13C7-8484-4AC65E1B71E8}
		{F8106D3B-D27A-4D24-840E-4544079F4CB5} = {0C88DD14-F956-CE84-757C-A364CCF449FC}
		{70EE43BD-3D6B-4E1C-BAD7-6243A1EDC496} = {0C88DD14-F956-CE84-757C-A364CCF449FC}
	EndGlobalSection
	GlobalSection(ExtensibilityGlobals) = postSolution
		SolutionGuid = {A25B62A0-56C5-45AC-B6B7-C5B3B1611E3A}
	EndGlobalSection
EndGlobal
